Microsoft Visual Studio Solution File, Format Version 8.00
Project("{FAE04EC0-301F-11D3-BF4B-00C04F79EFBC}") = "CustomVS2003", "CustomVS2003.csproj", "{9A760F2A-DC27-4750-A9FC-6BEC79951342}"
	ProjectSection(ProjectDependencies) = postProject
	EndProjectSection
EndProject
Global
	GlobalSection(SolutionConfiguration) = preSolution
		Debug = Debug
		Release = Release
	EndGlobalSection
	GlobalSection(ProjectConfiguration) = postSolution
		{9A760F2A-DC27-4750-A9FC-6BEC79951342}.Debug.ActiveCfg = Debug|.NET
		{9A760F2A-DC27-4750-A9FC-6BEC79951342}.Debug.Build.0 = Debug|.NET
		{9A760F2A-DC27-4750-A9FC-6BEC79951342}.Release.ActiveCfg = Release|.NET
		{9A760F2A-DC27-4750-A9FC-6BEC79951342}.Release.Build.0 = Release|.NET
	EndGlobalSection
	GlobalSection(ExtensibilityGlobals) = postSolution
	EndGlobalSection
	GlobalSection(ExtensibilityAddIns) = postSolution
	EndGlobalSection
EndGlobal
