Microsoft Visual Studio Solution File, Format Version 7.00
Project("{F184B08F-C81C-45F6-A57F-5ABD9991F28F}") = "AdvancedVS2002", "AdvancedVS2002.vbproj", "{20587567-5266-4E2B-8AA8-ECB643EA76BA}"
EndProject
Global
	GlobalSection(SolutionConfiguration) = preSolution
		ConfigName.0 = Debug
		ConfigName.1 = Release
	EndGlobalSection
	GlobalSection(ProjectDependencies) = postSolution
	EndGlobalSection
	GlobalSection(ProjectConfiguration) = postSolution
		{20587567-5266-4E2B-8AA8-ECB643EA76BA}.Debug.ActiveCfg = Debug|.NET
		{20587567-5266-4E2B-8AA8-ECB643EA76BA}.Debug.Build.0 = Debug|.NET
		{20587567-5266-4E2B-8AA8-ECB643EA76BA}.Release.ActiveCfg = Release|.NET
		{20587567-5266-4E2B-8AA8-ECB643EA76BA}.Release.Build.0 = Release|.NET
	EndGlobalSection
	GlobalSection(ExtensibilityGlobals) = postSolution
	EndGlobalSection
	GlobalSection(ExtensibilityAddIns) = postSolution
	EndGlobalSection
EndGlobal
