Microsoft Visual Studio Solution File, Format Version 8.00
Project("{FAE04EC0-301F-11D3-BF4B-00C04F79EFBC}") = "CSharpTutorialVS2003", "CSharpTutorialVS2003.csproj", "{B66A3F49-16EF-41B9-8B29-631EAA7D35AF}"
	ProjectSection(ProjectDependencies) = postProject
	EndProjectSection
EndProject
Global
	GlobalSection(SolutionConfiguration) = preSolution
		Debug = Debug
		Release = Release
	EndGlobalSection
	GlobalSection(ProjectConfiguration) = postSolution
		{B66A3F49-16EF-41B9-8B29-631EAA7D35AF}.Debug.ActiveCfg = Debug|.NET
		{B66A3F49-16EF-41B9-8B29-631EAA7D35AF}.Debug.Build.0 = Debug|.NET
		{B66A3F49-16EF-41B9-8B29-631EAA7D35AF}.Release.ActiveCfg = Release|.NET
		{B66A3F49-16EF-41B9-8B29-631EAA7D35AF}.Release.Build.0 = Release|.NET
	EndGlobalSection
	GlobalSection(ExtensibilityGlobals) = postSolution
	EndGlobalSection
	GlobalSection(ExtensibilityAddIns) = postSolution
	EndGlobalSection
EndGlobal
