Microsoft Visual Studio Solution File, Format Version 9.00
# Visual Studio 2005
Project("{FAE04EC0-301F-11D3-BF4B-00C04F79EFBC}") = "CSharpTutorialVS2005", "CSharpTutorialVS2005.csproj", "{B66A3F49-16EF-41B9-8B29-631EAA7D35AF}"
EndProject
Global
	GlobalSection(SolutionConfigurationPlatforms) = preSolution
		Debug|Any CPU = Debug|Any CPU
		Release|Any CPU = Release|Any CPU
	EndGlobalSection
	GlobalSection(ProjectConfigurationPlatforms) = postSolution
		{B66A3F49-16EF-41B9-8B29-631EAA7D35AF}.Debug|Any CPU.ActiveCfg = Debug|Any CPU
		{B66A3F49-16EF-41B9-8B29-631EAA7D35AF}.Debug|Any CPU.Build.0 = Debug|Any CPU
		{B66A3F49-16EF-41B9-8B29-631EAA7D35AF}.Release|Any CPU.ActiveCfg = Release|Any CPU
		{B66A3F49-16EF-41B9-8B29-631EAA7D35AF}.Release|Any CPU.Build.0 = Release|Any CPU
	EndGlobalSection
	GlobalSection(SolutionProperties) = preSolution
		HideSolutionNode = FALSE
	EndGlobalSection
EndGlobal
